
Microsoft Visual Studio Solution File, Format Version 12.00
# Visual Studio Version 17
VisualStudioVersion = 17.7.34024.191
MinimumVisualStudioVersion = 10.0.40219.1
Project("{8BC9CEB8-8B4A-11D0-8D11-00A0C91BC942}") = "Ch02_DLL", "Ch02_DLL\Ch02_DLL.vcxproj", "{FAF17E21-CF45-40D3-BB20-8C3056D9C454}"
EndProject
Project("{8BC9CEB8-8B4A-11D0-8D11-00A0C91BC942}") = "Ch01_SLL", "Ch01_SLL\study01.vcxproj", "{80B6EFC1-3324-409C-8E75-FED5C0443761}"
EndProject
Project("{8BC9CEB8-8B4A-11D0-8D11-00A0C91BC942}") = "Ch03_CDLL", "Ch03_CDLL\Ch03_CDLL.vcxproj", "{EEAAECBF-0C69-4935-ACB3-DC21FBC532EF}"
EndProject
Project("{8BC9CEB8-8B4A-11D0-8D11-00A0C91BC942}") = "Ch04_AS", "Ch04_AS\Ch04_AS.vcxproj", "{3988CD9F-0854-4786-8ADB-2B3A24D3CAF4}"
EndProject
Project("{8BC9CEB8-8B4A-11D0-8D11-00A0C91BC942}") = "Ch05_LLS", "Ch05_LLS\Ch05_LLS.vcxproj", "{9F6BD6F4-A116-4160-ABD9-480DB1798756}"
EndProject
Project("{8BC9CEB8-8B4A-11D0-8D11-00A0C91BC942}") = "Ch06_Calculator(Hold)", "Ch06_Calculator\Ch06_Calculator.vcxproj", "{AE5C5A9B-9ED7-4408-9490-1797F85D4BB8}"
EndProject
Project("{8BC9CEB8-8B4A-11D0-8D11-00A0C91BC942}") = "Ch07_Queue", "Ch07_Queue\Ch07_Queue.vcxproj", "{F391B47E-B01B-4EA8-B518-9D7BA2B7B1B4}"
EndProject
Project("{8BC9CEB8-8B4A-11D0-8D11-00A0C91BC942}") = "Ch08_LCRSTree", "Ch08_LCRSTree\Ch08_LCRSTree.vcxproj", "{BE6298EB-7324-42FD-9384-5528ED4E39FA}"
EndProject
Project("{8BC9CEB8-8B4A-11D0-8D11-00A0C91BC942}") = "Ch09_SBT", "Ch09_SBT\Ch09_SBT.vcxproj", "{97956C83-E0A8-49E3-9907-A7A7BA0FC3BE}"
EndProject
Project("{8BC9CEB8-8B4A-11D0-8D11-00A0C91BC942}") = "Ch10_Exp", "Ch10_BT\Ch10_BT.vcxproj", "{E1A22DB3-6B32-4FB6-926C-C6B9FBD6F533}"
EndProject
Global
	GlobalSection(SolutionConfigurationPlatforms) = preSolution
		Debug|x64 = Debug|x64
		Debug|x86 = Debug|x86
		Release|x64 = Release|x64
		Release|x86 = Release|x86
	EndGlobalSection
	GlobalSection(ProjectConfigurationPlatforms) = postSolution
		{FAF17E21-CF45-40D3-BB20-8C3056D9C454}.Debug|x64.ActiveCfg = Debug|x64
		{FAF17E21-CF45-40D3-BB20-8C3056D9C454}.Debug|x64.Build.0 = Debug|x64
		{FAF17E21-CF45-40D3-BB20-8C3056D9C454}.Debug|x86.ActiveCfg = Debug|Win32
		{FAF17E21-CF45-40D3-BB20-8C3056D9C454}.Debug|x86.Build.0 = Debug|Win32
		{FAF17E21-CF45-40D3-BB20-8C3056D9C454}.Release|x64.ActiveCfg = Release|x64
		{FAF17E21-CF45-40D3-BB20-8C3056D9C454}.Release|x64.Build.0 = Release|x64
		{FAF17E21-CF45-40D3-BB20-8C3056D9C454}.Release|x86.ActiveCfg = Release|Win32
		{FAF17E21-CF45-40D3-BB20-8C3056D9C454}.Release|x86.Build.0 = Release|Win32
		{80B6EFC1-3324-409C-8E75-FED5C0443761}.Debug|x64.ActiveCfg = Debug|x64
		{80B6EFC1-3324-409C-8E75-FED5C0443761}.Debug|x64.Build.0 = Debug|x64
		{80B6EFC1-3324-409C-8E75-FED5C0443761}.Debug|x86.ActiveCfg = Debug|Win32
		{80B6EFC1-3324-409C-8E75-FED5C0443761}.Debug|x86.Build.0 = Debug|Win32
		{80B6EFC1-3324-409C-8E75-FED5C0443761}.Release|x64.ActiveCfg = Release|x64
		{80B6EFC1-3324-409C-8E75-FED5C0443761}.Release|x64.Build.0 = Release|x64
		{80B6EFC1-3324-409C-8E75-FED5C0443761}.Release|x86.ActiveCfg = Release|Win32
		{80B6EFC1-3324-409C-8E75-FED5C0443761}.Release|x86.Build.0 = Release|Win32
		{EEAAECBF-0C69-4935-ACB3-DC21FBC532EF}.Debug|x64.ActiveCfg = Debug|x64
		{EEAAECBF-0C69-4935-ACB3-DC21FBC532EF}.Debug|x64.Build.0 = Debug|x64
		{EEAAECBF-0C69-4935-ACB3-DC21FBC532EF}.Debug|x86.ActiveCfg = Debug|Win32
		{EEAAECBF-0C69-4935-ACB3-DC21FBC532EF}.Debug|x86.Build.0 = Debug|Win32
		{EEAAECBF-0C69-4935-ACB3-DC21FBC532EF}.Release|x64.ActiveCfg = Release|x64
		{EEAAECBF-0C69-4935-ACB3-DC21FBC532EF}.Release|x64.Build.0 = Release|x64
		{EEAAECBF-0C69-4935-ACB3-DC21FBC532EF}.Release|x86.ActiveCfg = Release|Win32
		{EEAAECBF-0C69-4935-ACB3-DC21FBC532EF}.Release|x86.Build.0 = Release|Win32
		{3988CD9F-0854-4786-8ADB-2B3A24D3CAF4}.Debug|x64.ActiveCfg = Debug|x64
		{3988CD9F-0854-4786-8ADB-2B3A24D3CAF4}.Debug|x64.Build.0 = Debug|x64
		{3988CD9F-0854-4786-8ADB-2B3A24D3CAF4}.Debug|x86.ActiveCfg = Debug|Win32
		{3988CD9F-0854-4786-8ADB-2B3A24D3CAF4}.Debug|x86.Build.0 = Debug|Win32
		{3988CD9F-0854-4786-8ADB-2B3A24D3CAF4}.Release|x64.ActiveCfg = Release|x64
		{3988CD9F-0854-4786-8ADB-2B3A24D3CAF4}.Release|x64.Build.0 = Release|x64
		{3988CD9F-0854-4786-8ADB-2B3A24D3CAF4}.Release|x86.ActiveCfg = Release|Win32
		{3988CD9F-0854-4786-8ADB-2B3A24D3CAF4}.Release|x86.Build.0 = Release|Win32
		{9F6BD6F4-A116-4160-ABD9-480DB1798756}.Debug|x64.ActiveCfg = Debug|x64
		{9F6BD6F4-A116-4160-ABD9-480DB1798756}.Debug|x64.Build.0 = Debug|x64
		{9F6BD6F4-A116-4160-ABD9-480DB1798756}.Debug|x86.ActiveCfg = Debug|Win32
		{9F6BD6F4-A116-4160-ABD9-480DB1798756}.Debug|x86.Build.0 = Debug|Win32
		{9F6BD6F4-A116-4160-ABD9-480DB1798756}.Release|x64.ActiveCfg = Release|x64
		{9F6BD6F4-A116-4160-ABD9-480DB1798756}.Release|x64.Build.0 = Release|x64
		{9F6BD6F4-A116-4160-ABD9-480DB1798756}.Release|x86.ActiveCfg = Release|Win32
		{9F6BD6F4-A116-4160-ABD9-480DB1798756}.Release|x86.Build.0 = Release|Win32
		{AE5C5A9B-9ED7-4408-9490-1797F85D4BB8}.Debug|x64.ActiveCfg = Debug|x64
		{AE5C5A9B-9ED7-4408-9490-1797F85D4BB8}.Debug|x64.Build.0 = Debug|x64
		{AE5C5A9B-9ED7-4408-9490-1797F85D4BB8}.Debug|x86.ActiveCfg = Debug|Win32
		{AE5C5A9B-9ED7-4408-9490-1797F85D4BB8}.Debug|x86.Build.0 = Debug|Win32
		{AE5C5A9B-9ED7-4408-9490-1797F85D4BB8}.Release|x64.ActiveCfg = Release|x64
		{AE5C5A9B-9ED7-4408-9490-1797F85D4BB8}.Release|x64.Build.0 = Release|x64
		{AE5C5A9B-9ED7-4408-9490-1797F85D4BB8}.Release|x86.ActiveCfg = Release|Win32
		{AE5C5A9B-9ED7-4408-9490-1797F85D4BB8}.Release|x86.Build.0 = Release|Win32
		{F391B47E-B01B-4EA8-B518-9D7BA2B7B1B4}.Debug|x64.ActiveCfg = Debug|x64
		{F391B47E-B01B-4EA8-B518-9D7BA2B7B1B4}.Debug|x64.Build.0 = Debug|x64
		{F391B47E-B01B-4EA8-B518-9D7BA2B7B1B4}.Debug|x86.ActiveCfg = Debug|Win32
		{F391B47E-B01B-4EA8-B518-9D7BA2B7B1B4}.Debug|x86.Build.0 = Debug|Win32
		{F391B47E-B01B-4EA8-B518-9D7BA2B7B1B4}.Release|x64.ActiveCfg = Release|x64
		{F391B47E-B01B-4EA8-B518-9D7BA2B7B1B4}.Release|x64.Build.0 = Release|x64
		{F391B47E-B01B-4EA8-B518-9D7BA2B7B1B4}.Release|x86.ActiveCfg = Release|Win32
		{F391B47E-B01B-4EA8-B518-9D7BA2B7B1B4}.Release|x86.Build.0 = Release|Win32
		{BE6298EB-7324-42FD-9384-5528ED4E39FA}.Debug|x64.ActiveCfg = Debug|x64
		{BE6298EB-7324-42FD-9384-5528ED4E39FA}.Debug|x64.Build.0 = Debug|x64
		{BE6298EB-7324-42FD-9384-5528ED4E39FA}.Debug|x86.ActiveCfg = Debug|Win32
		{BE6298EB-7324-42FD-9384-5528ED4E39FA}.Debug|x86.Build.0 = Debug|Win32
		{BE6298EB-7324-42FD-9384-5528ED4E39FA}.Release|x64.ActiveCfg = Release|x64
		{BE6298EB-7324-42FD-9384-5528ED4E39FA}.Release|x64.Build.0 = Release|x64
		{BE6298EB-7324-42FD-9384-5528ED4E39FA}.Release|x86.ActiveCfg = Release|Win32
		{BE6298EB-7324-42FD-9384-5528ED4E39FA}.Release|x86.Build.0 = Release|Win32
		{97956C83-E0A8-49E3-9907-A7A7BA0FC3BE}.Debug|x64.ActiveCfg = Debug|x64
		{97956C83-E0A8-49E3-9907-A7A7BA0FC3BE}.Debug|x64.Build.0 = Debug|x64
		{97956C83-E0A8-49E3-9907-A7A7BA0FC3BE}.Debug|x86.ActiveCfg = Debug|Win32
		{97956C83-E0A8-49E3-9907-A7A7BA0FC3BE}.Debug|x86.Build.0 = Debug|Win32
		{97956C83-E0A8-49E3-9907-A7A7BA0FC3BE}.Release|x64.ActiveCfg = Release|x64
		{97956C83-E0A8-49E3-9907-A7A7BA0FC3BE}.Release|x64.Build.0 = Release|x64
		{97956C83-E0A8-49E3-9907-A7A7BA0FC3BE}.Release|x86.ActiveCfg = Release|Win32
		{97956C83-E0A8-49E3-9907-A7A7BA0FC3BE}.Release|x86.Build.0 = Release|Win32
		{E1A22DB3-6B32-4FB6-926C-C6B9FBD6F533}.Debug|x64.ActiveCfg = Debug|x64
		{E1A22DB3-6B32-4FB6-926C-C6B9FBD6F533}.Debug|x64.Build.0 = Debug|x64
		{E1A22DB3-6B32-4FB6-926C-C6B9FBD6F533}.Debug|x86.ActiveCfg = Debug|Win32
		{E1A22DB3-6B32-4FB6-926C-C6B9FBD6F533}.Debug|x86.Build.0 = Debug|Win32
		{E1A22DB3-6B32-4FB6-926C-C6B9FBD6F533}.Release|x64.ActiveCfg = Release|x64
		{E1A22DB3-6B32-4FB6-926C-C6B9FBD6F533}.Release|x64.Build.0 = Release|x64
		{E1A22DB3-6B32-4FB6-926C-C6B9FBD6F533}.Release|x86.ActiveCfg = Release|Win32
		{E1A22DB3-6B32-4FB6-926C-C6B9FBD6F533}.Release|x86.Build.0 = Release|Win32
	EndGlobalSection
	GlobalSection(SolutionProperties) = preSolution
		HideSolutionNode = FALSE
	EndGlobalSection
	GlobalSection(ExtensibilityGlobals) = postSolution
		SolutionGuid = {C4BE3BAC-26CD-48A6-8540-15B5485DAD14}
	EndGlobalSection
EndGlobal
