
Microsoft Visual Studio Solution File, Format Version 12.00
# Visual Studio Version 17
VisualStudioVersion = 17.7.34024.191
MinimumVisualStudioVersion = 10.0.40219.1
Project("{8BC9CEB8-8B4A-11D0-8D11-00A0C91BC942}") = "Ch02_DLL", "Ch02_DLL\Ch02_DLL.vcxproj", "{FAF17E21-CF45-40D3-BB20-8C3056D9C454}"
EndProject
Project("{8BC9CEB8-8B4A-11D0-8D11-00A0C91BC942}") = "Ch01_SLL", "Ch01_SLL\study01.vcxproj", "{80B6EFC1-3324-409C-8E75-FED5C0443761}"
EndProject
Project("{8BC9CEB8-8B4A-11D0-8D11-00A0C91BC942}") = "Ch03_CDLL", "Ch03_CDLL\Ch03_CDLL.vcxproj", "{EEAAECBF-0C69-4935-ACB3-DC21FBC532EF}"
EndProject
Project("{8BC9CEB8-8B4A-11D0-8D11-00A0C91BC942}") = "Ch04_AS", "Ch04_AS\Ch04_AS.vcxproj", "{3988CD9F-0854-4786-8ADB-2B3A24D3CAF4}"
EndProject
Project("{8BC9CEB8-8B4A-11D0-8D11-00A0C91BC942}") = "Ch05_LLS", "Ch05_LLS\Ch05_LLS.vcxproj", "{9F6BD6F4-A116-4160-ABD9-480DB1798756}"
EndProject
Project("{8BC9CEB8-8B4A-11D0-8D11-00A0C91BC942}") = "Ch06_Calculator(Hold)", "Ch06_Calculator\Ch06_Calculator.vcxproj", "{AE5C5A9B-9ED7-4408-9490-1797F85D4BB8}"
EndProject
Project("{8BC9CEB8-8B4A-11D0-8D11-00A0C91BC942}") = "Ch07_Queue", "Ch07_Queue\Ch07_Queue.vcxproj", "{F391B47E-B01B-4EA8-B518-9D7BA2B7B1B4}"
EndProject
Project("{8BC9CEB8-8B4A-11D0-8D11-00A0C91BC942}") = "Ch08_LCRSTree", "Ch08_LCRSTree\Ch08_LCRSTree.vcxproj", "{BE6298EB-7324-42FD-9384-5528ED4E39FA}"
EndProject
Project("{8BC9CEB8-8B4A-11D0-8D11-00A0C91BC942}") = "Ch09_SBT", "Ch09_SBT\Ch09_SBT.vcxproj", "{97956C83-E0A8-49E3-9907-A7A7BA0FC3BE}"
EndProject
Project("{8BC9CEB8-8B4A-11D0-8D11-00A0C91BC942}") = "Ch10_ExpressionTree", "Ch10_BT\Ch10_BT.vcxproj", "{E1A22DB3-6B32-4FB6-926C-C6B9FBD6F533}"
EndProject
Project("{8BC9CEB8-8B4A-11D0-8D11-00A0C91BC942}") = "Ch11_DisjoinSet", "Ch11_DisjoinSet\Ch11_DisjoinSet.vcxproj", "{E5595630-B3AD-4B34-A0D8-7973CCA1A42E}"
EndProject
Project("{8BC9CEB8-8B4A-11D0-8D11-00A0C91BC942}") = "Ch12_BubbleSort", "Ch12_BubbleSort\Ch12_BubbleSort.vcxproj", "{13D55608-00B6-4F72-8D7E-A350EE068D0E}"
EndProject
Project("{8BC9CEB8-8B4A-11D0-8D11-00A0C91BC942}") = "Ch13_InsertionSort", "Ch13_InsertionSort\Ch13_InsertionSort.vcxproj", "{25F30064-B3B4-4771-AE92-2B53F9ECAF7D}"
EndProject
Project("{8BC9CEB8-8B4A-11D0-8D11-00A0C91BC942}") = "Ch14_QuickSort", "Ch14_QuickSort\Ch14_QuickSort.vcxproj", "{3DB1C5E9-D90B-43F9-BED0-4BD9F28341D1}"
EndProject
Project("{8BC9CEB8-8B4A-11D0-8D11-00A0C91BC942}") = "Ch15_BinarySearch", "Ch15_BinarySearch\Ch15_BinarySearch.vcxproj", "{3F488BE3-1188-490A-A346-C32AAF434E0D}"
EndProject
Project("{8BC9CEB8-8B4A-11D0-8D11-00A0C91BC942}") = "Ch16_BinarySearchTree", "Ch16_BinarySearchTree\Ch16_BinarySearchTree.vcxproj", "{B8F12CB5-5E7D-4EEB-9BE3-2DD079F6A2FA}"
EndProject
Project("{8BC9CEB8-8B4A-11D0-8D11-00A0C91BC942}") = "Ch17_RedBlackTree(Hold)", "Ch17_RedBlackTree\Ch17_RedBlackTree.vcxproj", "{E06F9F6C-29E2-4AD8-802D-8923892211AC}"
EndProject
Project("{8BC9CEB8-8B4A-11D0-8D11-00A0C91BC942}") = "Ch18_Heap", "Ch18_Heap\Ch18_Heap.vcxproj", "{33F3608D-1402-4E99-84F6-42363D8CFA45}"
EndProject
Project("{8BC9CEB8-8B4A-11D0-8D11-00A0C91BC942}") = "Ch19_PriorityQueue", "Ch19_PriorityQueue\Ch19_PriorityQueue.vcxproj", "{FCBD90D6-6504-4617-8205-41ED86C3C356}"
EndProject
Project("{8BC9CEB8-8B4A-11D0-8D11-00A0C91BC942}") = "Ch01_1158_Josephus", "Ch01_1158_Josephus\Ch01_1158_Josephus.vcxproj", "{79D0A713-664B-401F-B17A-158FB6292100}"
EndProject
Project("{8BC9CEB8-8B4A-11D0-8D11-00A0C91BC942}") = "Ch01_1021_RollingQueue", "Ch01_1021_RollingQueue\Ch01_1021_RollingQueue.vcxproj", "{FB17588C-75FD-4FA4-A84F-33ABA5C62A4B}"
EndProject
Project("{8BC9CEB8-8B4A-11D0-8D11-00A0C91BC942}") = "Ch02_2346_Bloons", "Ch02_2346_Bloons\Ch02_2346_Bloons.vcxproj", "{5CD34134-8677-498F-9A97-52E7A2749AC9}"
EndProject
Project("{8BC9CEB8-8B4A-11D0-8D11-00A0C91BC942}") = "Ch20_SimpleHashTable", "Ch20_SimpleHashTable\Ch20_SimpleHashTable.vcxproj", "{6895CCC4-BDAE-4828-B871-4D342C222E82}"
EndProject
Global
	GlobalSection(SolutionConfigurationPlatforms) = preSolution
		Debug|x64 = Debug|x64
		Debug|x86 = Debug|x86
		Release|x64 = Release|x64
		Release|x86 = Release|x86
	EndGlobalSection
	GlobalSection(ProjectConfigurationPlatforms) = postSolution
		{FAF17E21-CF45-40D3-BB20-8C3056D9C454}.Debug|x64.ActiveCfg = Debug|x64
		{FAF17E21-CF45-40D3-BB20-8C3056D9C454}.Debug|x64.Build.0 = Debug|x64
		{FAF17E21-CF45-40D3-BB20-8C3056D9C454}.Debug|x86.ActiveCfg = Debug|Win32
		{FAF17E21-CF45-40D3-BB20-8C3056D9C454}.Debug|x86.Build.0 = Debug|Win32
		{FAF17E21-CF45-40D3-BB20-8C3056D9C454}.Release|x64.ActiveCfg = Release|x64
		{FAF17E21-CF45-40D3-BB20-8C3056D9C454}.Release|x64.Build.0 = Release|x64
		{FAF17E21-CF45-40D3-BB20-8C3056D9C454}.Release|x86.ActiveCfg = Release|Win32
		{FAF17E21-CF45-40D3-BB20-8C3056D9C454}.Release|x86.Build.0 = Release|Win32
		{80B6EFC1-3324-409C-8E75-FED5C0443761}.Debug|x64.ActiveCfg = Debug|x64
		{80B6EFC1-3324-409C-8E75-FED5C0443761}.Debug|x64.Build.0 = Debug|x64
		{80B6EFC1-3324-409C-8E75-FED5C0443761}.Debug|x86.ActiveCfg = Debug|Win32
		{80B6EFC1-3324-409C-8E75-FED5C0443761}.Debug|x86.Build.0 = Debug|Win32
		{80B6EFC1-3324-409C-8E75-FED5C0443761}.Release|x64.ActiveCfg = Release|x64
		{80B6EFC1-3324-409C-8E75-FED5C0443761}.Release|x64.Build.0 = Release|x64
		{80B6EFC1-3324-409C-8E75-FED5C0443761}.Release|x86.ActiveCfg = Release|Win32
		{80B6EFC1-3324-409C-8E75-FED5C0443761}.Release|x86.Build.0 = Release|Win32
		{EEAAECBF-0C69-4935-ACB3-DC21FBC532EF}.Debug|x64.ActiveCfg = Debug|x64
		{EEAAECBF-0C69-4935-ACB3-DC21FBC532EF}.Debug|x64.Build.0 = Debug|x64
		{EEAAECBF-0C69-4935-ACB3-DC21FBC532EF}.Debug|x86.ActiveCfg = Debug|Win32
		{EEAAECBF-0C69-4935-ACB3-DC21FBC532EF}.Debug|x86.Build.0 = Debug|Win32
		{EEAAECBF-0C69-4935-ACB3-DC21FBC532EF}.Release|x64.ActiveCfg = Release|x64
		{EEAAECBF-0C69-4935-ACB3-DC21FBC532EF}.Release|x64.Build.0 = Release|x64
		{EEAAECBF-0C69-4935-ACB3-DC21FBC532EF}.Release|x86.ActiveCfg = Release|Win32
		{EEAAECBF-0C69-4935-ACB3-DC21FBC532EF}.Release|x86.Build.0 = Release|Win32
		{3988CD9F-0854-4786-8ADB-2B3A24D3CAF4}.Debug|x64.ActiveCfg = Debug|x64
		{3988CD9F-0854-4786-8ADB-2B3A24D3CAF4}.Debug|x64.Build.0 = Debug|x64
		{3988CD9F-0854-4786-8ADB-2B3A24D3CAF4}.Debug|x86.ActiveCfg = Debug|Win32
		{3988CD9F-0854-4786-8ADB-2B3A24D3CAF4}.Debug|x86.Build.0 = Debug|Win32
		{3988CD9F-0854-4786-8ADB-2B3A24D3CAF4}.Release|x64.ActiveCfg = Release|x64
		{3988CD9F-0854-4786-8ADB-2B3A24D3CAF4}.Release|x64.Build.0 = Release|x64
		{3988CD9F-0854-4786-8ADB-2B3A24D3CAF4}.Release|x86.ActiveCfg = Release|Win32
		{3988CD9F-0854-4786-8ADB-2B3A24D3CAF4}.Release|x86.Build.0 = Release|Win32
		{9F6BD6F4-A116-4160-ABD9-480DB1798756}.Debug|x64.ActiveCfg = Debug|x64
		{9F6BD6F4-A116-4160-ABD9-480DB1798756}.Debug|x64.Build.0 = Debug|x64
		{9F6BD6F4-A116-4160-ABD9-480DB1798756}.Debug|x86.ActiveCfg = Debug|Win32
		{9F6BD6F4-A116-4160-ABD9-480DB1798756}.Debug|x86.Build.0 = Debug|Win32
		{9F6BD6F4-A116-4160-ABD9-480DB1798756}.Release|x64.ActiveCfg = Release|x64
		{9F6BD6F4-A116-4160-ABD9-480DB1798756}.Release|x64.Build.0 = Release|x64
		{9F6BD6F4-A116-4160-ABD9-480DB1798756}.Release|x86.ActiveCfg = Release|Win32
		{9F6BD6F4-A116-4160-ABD9-480DB1798756}.Release|x86.Build.0 = Release|Win32
		{AE5C5A9B-9ED7-4408-9490-1797F85D4BB8}.Debug|x64.ActiveCfg = Debug|x64
		{AE5C5A9B-9ED7-4408-9490-1797F85D4BB8}.Debug|x64.Build.0 = Debug|x64
		{AE5C5A9B-9ED7-4408-9490-1797F85D4BB8}.Debug|x86.ActiveCfg = Debug|Win32
		{AE5C5A9B-9ED7-4408-9490-1797F85D4BB8}.Debug|x86.Build.0 = Debug|Win32
		{AE5C5A9B-9ED7-4408-9490-1797F85D4BB8}.Release|x64.ActiveCfg = Release|x64
		{AE5C5A9B-9ED7-4408-9490-1797F85D4BB8}.Release|x64.Build.0 = Release|x64
		{AE5C5A9B-9ED7-4408-9490-1797F85D4BB8}.Release|x86.ActiveCfg = Release|Win32
		{AE5C5A9B-9ED7-4408-9490-1797F85D4BB8}.Release|x86.Build.0 = Release|Win32
		{F391B47E-B01B-4EA8-B518-9D7BA2B7B1B4}.Debug|x64.ActiveCfg = Debug|x64
		{F391B47E-B01B-4EA8-B518-9D7BA2B7B1B4}.Debug|x64.Build.0 = Debug|x64
		{F391B47E-B01B-4EA8-B518-9D7BA2B7B1B4}.Debug|x86.ActiveCfg = Debug|Win32
		{F391B47E-B01B-4EA8-B518-9D7BA2B7B1B4}.Debug|x86.Build.0 = Debug|Win32
		{F391B47E-B01B-4EA8-B518-9D7BA2B7B1B4}.Release|x64.ActiveCfg = Release|x64
		{F391B47E-B01B-4EA8-B518-9D7BA2B7B1B4}.Release|x64.Build.0 = Release|x64
		{F391B47E-B01B-4EA8-B518-9D7BA2B7B1B4}.Release|x86.ActiveCfg = Release|Win32
		{F391B47E-B01B-4EA8-B518-9D7BA2B7B1B4}.Release|x86.Build.0 = Release|Win32
		{BE6298EB-7324-42FD-9384-5528ED4E39FA}.Debug|x64.ActiveCfg = Debug|x64
		{BE6298EB-7324-42FD-9384-5528ED4E39FA}.Debug|x64.Build.0 = Debug|x64
		{BE6298EB-7324-42FD-9384-5528ED4E39FA}.Debug|x86.ActiveCfg = Debug|Win32
		{BE6298EB-7324-42FD-9384-5528ED4E39FA}.Debug|x86.Build.0 = Debug|Win32
		{BE6298EB-7324-42FD-9384-5528ED4E39FA}.Release|x64.ActiveCfg = Release|x64
		{BE6298EB-7324-42FD-9384-5528ED4E39FA}.Release|x64.Build.0 = Release|x64
		{BE6298EB-7324-42FD-9384-5528ED4E39FA}.Release|x86.ActiveCfg = Release|Win32
		{BE6298EB-7324-42FD-9384-5528ED4E39FA}.Release|x86.Build.0 = Release|Win32
		{97956C83-E0A8-49E3-9907-A7A7BA0FC3BE}.Debug|x64.ActiveCfg = Debug|x64
		{97956C83-E0A8-49E3-9907-A7A7BA0FC3BE}.Debug|x64.Build.0 = Debug|x64
		{97956C83-E0A8-49E3-9907-A7A7BA0FC3BE}.Debug|x86.ActiveCfg = Debug|Win32
		{97956C83-E0A8-49E3-9907-A7A7BA0FC3BE}.Debug|x86.Build.0 = Debug|Win32
		{97956C83-E0A8-49E3-9907-A7A7BA0FC3BE}.Release|x64.ActiveCfg = Release|x64
		{97956C83-E0A8-49E3-9907-A7A7BA0FC3BE}.Release|x64.Build.0 = Release|x64
		{97956C83-E0A8-49E3-9907-A7A7BA0FC3BE}.Release|x86.ActiveCfg = Release|Win32
		{97956C83-E0A8-49E3-9907-A7A7BA0FC3BE}.Release|x86.Build.0 = Release|Win32
		{E1A22DB3-6B32-4FB6-926C-C6B9FBD6F533}.Debug|x64.ActiveCfg = Debug|x64
		{E1A22DB3-6B32-4FB6-926C-C6B9FBD6F533}.Debug|x64.Build.0 = Debug|x64
		{E1A22DB3-6B32-4FB6-926C-C6B9FBD6F533}.Debug|x86.ActiveCfg = Debug|Win32
		{E1A22DB3-6B32-4FB6-926C-C6B9FBD6F533}.Debug|x86.Build.0 = Debug|Win32
		{E1A22DB3-6B32-4FB6-926C-C6B9FBD6F533}.Release|x64.ActiveCfg = Release|x64
		{E1A22DB3-6B32-4FB6-926C-C6B9FBD6F533}.Release|x64.Build.0 = Release|x64
		{E1A22DB3-6B32-4FB6-926C-C6B9FBD6F533}.Release|x86.ActiveCfg = Release|Win32
		{E1A22DB3-6B32-4FB6-926C-C6B9FBD6F533}.Release|x86.Build.0 = Release|Win32
		{E5595630-B3AD-4B34-A0D8-7973CCA1A42E}.Debug|x64.ActiveCfg = Debug|x64
		{E5595630-B3AD-4B34-A0D8-7973CCA1A42E}.Debug|x64.Build.0 = Debug|x64
		{E5595630-B3AD-4B34-A0D8-7973CCA1A42E}.Debug|x86.ActiveCfg = Debug|Win32
		{E5595630-B3AD-4B34-A0D8-7973CCA1A42E}.Debug|x86.Build.0 = Debug|Win32
		{E5595630-B3AD-4B34-A0D8-7973CCA1A42E}.Release|x64.ActiveCfg = Release|x64
		{E5595630-B3AD-4B34-A0D8-7973CCA1A42E}.Release|x64.Build.0 = Release|x64
		{E5595630-B3AD-4B34-A0D8-7973CCA1A42E}.Release|x86.ActiveCfg = Release|Win32
		{E5595630-B3AD-4B34-A0D8-7973CCA1A42E}.Release|x86.Build.0 = Release|Win32
		{13D55608-00B6-4F72-8D7E-A350EE068D0E}.Debug|x64.ActiveCfg = Debug|x64
		{13D55608-00B6-4F72-8D7E-A350EE068D0E}.Debug|x64.Build.0 = Debug|x64
		{13D55608-00B6-4F72-8D7E-A350EE068D0E}.Debug|x86.ActiveCfg = Debug|Win32
		{13D55608-00B6-4F72-8D7E-A350EE068D0E}.Debug|x86.Build.0 = Debug|Win32
		{13D55608-00B6-4F72-8D7E-A350EE068D0E}.Release|x64.ActiveCfg = Release|x64
		{13D55608-00B6-4F72-8D7E-A350EE068D0E}.Release|x64.Build.0 = Release|x64
		{13D55608-00B6-4F72-8D7E-A350EE068D0E}.Release|x86.ActiveCfg = Release|Win32
		{13D55608-00B6-4F72-8D7E-A350EE068D0E}.Release|x86.Build.0 = Release|Win32
		{25F30064-B3B4-4771-AE92-2B53F9ECAF7D}.Debug|x64.ActiveCfg = Debug|x64
		{25F30064-B3B4-4771-AE92-2B53F9ECAF7D}.Debug|x64.Build.0 = Debug|x64
		{25F30064-B3B4-4771-AE92-2B53F9ECAF7D}.Debug|x86.ActiveCfg = Debug|Win32
		{25F30064-B3B4-4771-AE92-2B53F9ECAF7D}.Debug|x86.Build.0 = Debug|Win32
		{25F30064-B3B4-4771-AE92-2B53F9ECAF7D}.Release|x64.ActiveCfg = Release|x64
		{25F30064-B3B4-4771-AE92-2B53F9ECAF7D}.Release|x64.Build.0 = Release|x64
		{25F30064-B3B4-4771-AE92-2B53F9ECAF7D}.Release|x86.ActiveCfg = Release|Win32
		{25F30064-B3B4-4771-AE92-2B53F9ECAF7D}.Release|x86.Build.0 = Release|Win32
		{3DB1C5E9-D90B-43F9-BED0-4BD9F28341D1}.Debug|x64.ActiveCfg = Debug|x64
		{3DB1C5E9-D90B-43F9-BED0-4BD9F28341D1}.Debug|x64.Build.0 = Debug|x64
		{3DB1C5E9-D90B-43F9-BED0-4BD9F28341D1}.Debug|x86.ActiveCfg = Debug|Win32
		{3DB1C5E9-D90B-43F9-BED0-4BD9F28341D1}.Debug|x86.Build.0 = Debug|Win32
		{3DB1C5E9-D90B-43F9-BED0-4BD9F28341D1}.Release|x64.ActiveCfg = Release|x64
		{3DB1C5E9-D90B-43F9-BED0-4BD9F28341D1}.Release|x64.Build.0 = Release|x64
		{3DB1C5E9-D90B-43F9-BED0-4BD9F28341D1}.Release|x86.ActiveCfg = Release|Win32
		{3DB1C5E9-D90B-43F9-BED0-4BD9F28341D1}.Release|x86.Build.0 = Release|Win32
		{3F488BE3-1188-490A-A346-C32AAF434E0D}.Debug|x64.ActiveCfg = Debug|x64
		{3F488BE3-1188-490A-A346-C32AAF434E0D}.Debug|x64.Build.0 = Debug|x64
		{3F488BE3-1188-490A-A346-C32AAF434E0D}.Debug|x86.ActiveCfg = Debug|Win32
		{3F488BE3-1188-490A-A346-C32AAF434E0D}.Debug|x86.Build.0 = Debug|Win32
		{3F488BE3-1188-490A-A346-C32AAF434E0D}.Release|x64.ActiveCfg = Release|x64
		{3F488BE3-1188-490A-A346-C32AAF434E0D}.Release|x64.Build.0 = Release|x64
		{3F488BE3-1188-490A-A346-C32AAF434E0D}.Release|x86.ActiveCfg = Release|Win32
		{3F488BE3-1188-490A-A346-C32AAF434E0D}.Release|x86.Build.0 = Release|Win32
		{B8F12CB5-5E7D-4EEB-9BE3-2DD079F6A2FA}.Debug|x64.ActiveCfg = Debug|x64
		{B8F12CB5-5E7D-4EEB-9BE3-2DD079F6A2FA}.Debug|x64.Build.0 = Debug|x64
		{B8F12CB5-5E7D-4EEB-9BE3-2DD079F6A2FA}.Debug|x86.ActiveCfg = Debug|Win32
		{B8F12CB5-5E7D-4EEB-9BE3-2DD079F6A2FA}.Debug|x86.Build.0 = Debug|Win32
		{B8F12CB5-5E7D-4EEB-9BE3-2DD079F6A2FA}.Release|x64.ActiveCfg = Release|x64
		{B8F12CB5-5E7D-4EEB-9BE3-2DD079F6A2FA}.Release|x64.Build.0 = Release|x64
		{B8F12CB5-5E7D-4EEB-9BE3-2DD079F6A2FA}.Release|x86.ActiveCfg = Release|Win32
		{B8F12CB5-5E7D-4EEB-9BE3-2DD079F6A2FA}.Release|x86.Build.0 = Release|Win32
		{E06F9F6C-29E2-4AD8-802D-8923892211AC}.Debug|x64.ActiveCfg = Debug|x64
		{E06F9F6C-29E2-4AD8-802D-8923892211AC}.Debug|x64.Build.0 = Debug|x64
		{E06F9F6C-29E2-4AD8-802D-8923892211AC}.Debug|x86.ActiveCfg = Debug|Win32
		{E06F9F6C-29E2-4AD8-802D-8923892211AC}.Debug|x86.Build.0 = Debug|Win32
		{E06F9F6C-29E2-4AD8-802D-8923892211AC}.Release|x64.ActiveCfg = Release|x64
		{E06F9F6C-29E2-4AD8-802D-8923892211AC}.Release|x64.Build.0 = Release|x64
		{E06F9F6C-29E2-4AD8-802D-8923892211AC}.Release|x86.ActiveCfg = Release|Win32
		{E06F9F6C-29E2-4AD8-802D-8923892211AC}.Release|x86.Build.0 = Release|Win32
		{33F3608D-1402-4E99-84F6-42363D8CFA45}.Debug|x64.ActiveCfg = Debug|x64
		{33F3608D-1402-4E99-84F6-42363D8CFA45}.Debug|x64.Build.0 = Debug|x64
		{33F3608D-1402-4E99-84F6-42363D8CFA45}.Debug|x86.ActiveCfg = Debug|Win32
		{33F3608D-1402-4E99-84F6-42363D8CFA45}.Debug|x86.Build.0 = Debug|Win32
		{33F3608D-1402-4E99-84F6-42363D8CFA45}.Release|x64.ActiveCfg = Release|x64
		{33F3608D-1402-4E99-84F6-42363D8CFA45}.Release|x64.Build.0 = Release|x64
		{33F3608D-1402-4E99-84F6-42363D8CFA45}.Release|x86.ActiveCfg = Release|Win32
		{33F3608D-1402-4E99-84F6-42363D8CFA45}.Release|x86.Build.0 = Release|Win32
		{FCBD90D6-6504-4617-8205-41ED86C3C356}.Debug|x64.ActiveCfg = Debug|x64
		{FCBD90D6-6504-4617-8205-41ED86C3C356}.Debug|x64.Build.0 = Debug|x64
		{FCBD90D6-6504-4617-8205-41ED86C3C356}.Debug|x86.ActiveCfg = Debug|Win32
		{FCBD90D6-6504-4617-8205-41ED86C3C356}.Debug|x86.Build.0 = Debug|Win32
		{FCBD90D6-6504-4617-8205-41ED86C3C356}.Release|x64.ActiveCfg = Release|x64
		{FCBD90D6-6504-4617-8205-41ED86C3C356}.Release|x64.Build.0 = Release|x64
		{FCBD90D6-6504-4617-8205-41ED86C3C356}.Release|x86.ActiveCfg = Release|Win32
		{FCBD90D6-6504-4617-8205-41ED86C3C356}.Release|x86.Build.0 = Release|Win32
		{79D0A713-664B-401F-B17A-158FB6292100}.Debug|x64.ActiveCfg = Debug|x64
		{79D0A713-664B-401F-B17A-158FB6292100}.Debug|x64.Build.0 = Debug|x64
		{79D0A713-664B-401F-B17A-158FB6292100}.Debug|x86.ActiveCfg = Debug|Win32
		{79D0A713-664B-401F-B17A-158FB6292100}.Debug|x86.Build.0 = Debug|Win32
		{79D0A713-664B-401F-B17A-158FB6292100}.Release|x64.ActiveCfg = Release|x64
		{79D0A713-664B-401F-B17A-158FB6292100}.Release|x64.Build.0 = Release|x64
		{79D0A713-664B-401F-B17A-158FB6292100}.Release|x86.ActiveCfg = Release|Win32
		{79D0A713-664B-401F-B17A-158FB6292100}.Release|x86.Build.0 = Release|Win32
		{FB17588C-75FD-4FA4-A84F-33ABA5C62A4B}.Debug|x64.ActiveCfg = Debug|x64
		{FB17588C-75FD-4FA4-A84F-33ABA5C62A4B}.Debug|x64.Build.0 = Debug|x64
		{FB17588C-75FD-4FA4-A84F-33ABA5C62A4B}.Debug|x86.ActiveCfg = Debug|Win32
		{FB17588C-75FD-4FA4-A84F-33ABA5C62A4B}.Debug|x86.Build.0 = Debug|Win32
		{FB17588C-75FD-4FA4-A84F-33ABA5C62A4B}.Release|x64.ActiveCfg = Release|x64
		{FB17588C-75FD-4FA4-A84F-33ABA5C62A4B}.Release|x64.Build.0 = Release|x64
		{FB17588C-75FD-4FA4-A84F-33ABA5C62A4B}.Release|x86.ActiveCfg = Release|Win32
		{FB17588C-75FD-4FA4-A84F-33ABA5C62A4B}.Release|x86.Build.0 = Release|Win32
		{5CD34134-8677-498F-9A97-52E7A2749AC9}.Debug|x64.ActiveCfg = Debug|x64
		{5CD34134-8677-498F-9A97-52E7A2749AC9}.Debug|x64.Build.0 = Debug|x64
		{5CD34134-8677-498F-9A97-52E7A2749AC9}.Debug|x86.ActiveCfg = Debug|Win32
		{5CD34134-8677-498F-9A97-52E7A2749AC9}.Debug|x86.Build.0 = Debug|Win32
		{5CD34134-8677-498F-9A97-52E7A2749AC9}.Release|x64.ActiveCfg = Release|x64
		{5CD34134-8677-498F-9A97-52E7A2749AC9}.Release|x64.Build.0 = Release|x64
		{5CD34134-8677-498F-9A97-52E7A2749AC9}.Release|x86.ActiveCfg = Release|Win32
		{5CD34134-8677-498F-9A97-52E7A2749AC9}.Release|x86.Build.0 = Release|Win32
		{6895CCC4-BDAE-4828-B871-4D342C222E82}.Debug|x64.ActiveCfg = Debug|x64
		{6895CCC4-BDAE-4828-B871-4D342C222E82}.Debug|x64.Build.0 = Debug|x64
		{6895CCC4-BDAE-4828-B871-4D342C222E82}.Debug|x86.ActiveCfg = Debug|Win32
		{6895CCC4-BDAE-4828-B871-4D342C222E82}.Debug|x86.Build.0 = Debug|Win32
		{6895CCC4-BDAE-4828-B871-4D342C222E82}.Release|x64.ActiveCfg = Release|x64
		{6895CCC4-BDAE-4828-B871-4D342C222E82}.Release|x64.Build.0 = Release|x64
		{6895CCC4-BDAE-4828-B871-4D342C222E82}.Release|x86.ActiveCfg = Release|Win32
		{6895CCC4-BDAE-4828-B871-4D342C222E82}.Release|x86.Build.0 = Release|Win32
	EndGlobalSection
	GlobalSection(SolutionProperties) = preSolution
		HideSolutionNode = FALSE
	EndGlobalSection
	GlobalSection(ExtensibilityGlobals) = postSolution
		SolutionGuid = {C4BE3BAC-26CD-48A6-8540-15B5485DAD14}
	EndGlobalSection
EndGlobal
