
Microsoft Visual Studio Solution File, Format Version 12.00
# Visual Studio Version 17
VisualStudioVersion = 17.7.34024.191
MinimumVisualStudioVersion = 10.0.40219.1
Project("{8BC9CEB8-8B4A-11D0-8D11-00A0C91BC942}") = "Ch02_DLL", "Ch02_DLL\Ch02_DLL.vcxproj", "{FAF17E21-CF45-40D3-BB20-8C3056D9C454}"
EndProject
Project("{8BC9CEB8-8B4A-11D0-8D11-00A0C91BC942}") = "Ch01_SLL", "Ch01_SLL\study01.vcxproj", "{80B6EFC1-3324-409C-8E75-FED5C0443761}"
EndProject
Project("{8BC9CEB8-8B4A-11D0-8D11-00A0C91BC942}") = "Ch03_CDLL", "Ch03_CDLL\Ch03_CDLL.vcxproj", "{EEAAECBF-0C69-4935-ACB3-DC21FBC532EF}"
EndProject
Global
	GlobalSection(SolutionConfigurationPlatforms) = preSolution
		Debug|x64 = Debug|x64
		Debug|x86 = Debug|x86
		Release|x64 = Release|x64
		Release|x86 = Release|x86
	EndGlobalSection
	GlobalSection(ProjectConfigurationPlatforms) = postSolution
		{FAF17E21-CF45-40D3-BB20-8C3056D9C454}.Debug|x64.ActiveCfg = Debug|x64
		{FAF17E21-CF45-40D3-BB20-8C3056D9C454}.Debug|x64.Build.0 = Debug|x64
		{FAF17E21-CF45-40D3-BB20-8C3056D9C454}.Debug|x86.ActiveCfg = Debug|Win32
		{FAF17E21-CF45-40D3-BB20-8C3056D9C454}.Debug|x86.Build.0 = Debug|Win32
		{FAF17E21-CF45-40D3-BB20-8C3056D9C454}.Release|x64.ActiveCfg = Release|x64
		{FAF17E21-CF45-40D3-BB20-8C3056D9C454}.Release|x64.Build.0 = Release|x64
		{FAF17E21-CF45-40D3-BB20-8C3056D9C454}.Release|x86.ActiveCfg = Release|Win32
		{FAF17E21-CF45-40D3-BB20-8C3056D9C454}.Release|x86.Build.0 = Release|Win32
		{80B6EFC1-3324-409C-8E75-FED5C0443761}.Debug|x64.ActiveCfg = Debug|x64
		{80B6EFC1-3324-409C-8E75-FED5C0443761}.Debug|x64.Build.0 = Debug|x64
		{80B6EFC1-3324-409C-8E75-FED5C0443761}.Debug|x86.ActiveCfg = Debug|Win32
		{80B6EFC1-3324-409C-8E75-FED5C0443761}.Debug|x86.Build.0 = Debug|Win32
		{80B6EFC1-3324-409C-8E75-FED5C0443761}.Release|x64.ActiveCfg = Release|x64
		{80B6EFC1-3324-409C-8E75-FED5C0443761}.Release|x64.Build.0 = Release|x64
		{80B6EFC1-3324-409C-8E75-FED5C0443761}.Release|x86.ActiveCfg = Release|Win32
		{80B6EFC1-3324-409C-8E75-FED5C0443761}.Release|x86.Build.0 = Release|Win32
		{EEAAECBF-0C69-4935-ACB3-DC21FBC532EF}.Debug|x64.ActiveCfg = Debug|x64
		{EEAAECBF-0C69-4935-ACB3-DC21FBC532EF}.Debug|x64.Build.0 = Debug|x64
		{EEAAECBF-0C69-4935-ACB3-DC21FBC532EF}.Debug|x86.ActiveCfg = Debug|Win32
		{EEAAECBF-0C69-4935-ACB3-DC21FBC532EF}.Debug|x86.Build.0 = Debug|Win32
		{EEAAECBF-0C69-4935-ACB3-DC21FBC532EF}.Release|x64.ActiveCfg = Release|x64
		{EEAAECBF-0C69-4935-ACB3-DC21FBC532EF}.Release|x64.Build.0 = Release|x64
		{EEAAECBF-0C69-4935-ACB3-DC21FBC532EF}.Release|x86.ActiveCfg = Release|Win32
		{EEAAECBF-0C69-4935-ACB3-DC21FBC532EF}.Release|x86.Build.0 = Release|Win32
	EndGlobalSection
	GlobalSection(SolutionProperties) = preSolution
		HideSolutionNode = FALSE
	EndGlobalSection
	GlobalSection(ExtensibilityGlobals) = postSolution
		SolutionGuid = {C4BE3BAC-26CD-48A6-8540-15B5485DAD14}
	EndGlobalSection
EndGlobal
